
Microsoft Visual Studio Solution File, Format Version 12.00
# Visual Studio Version 17
VisualStudioVersion = 17.1.32421.90
MinimumVisualStudioVersion = 10.0.40219.1
Project("{9A19103F-16F7-4668-BE54-9A1E7A4F7556}") = "MyPortfolioWebsite", "MyPortfolioWebsite.csproj", "{D724C3C9-E936-4B59-8B9E-27D5275F9681}"
EndProject
Global
	GlobalSection(SolutionConfigurationPlatforms) = preSolution
		Debug|Any CPU = Debug|Any CPU
		Release|Any CPU = Release|Any CPU
	EndGlobalSection
	GlobalSection(ProjectConfigurationPlatforms) = postSolution
		{D724C3C9-E936-4B59-8B9E-27D5275F9681}.Debug|Any CPU.ActiveCfg = Debug|Any CPU
		{D724C3C9-E936-4B59-8B9E-27D5275F9681}.Debug|Any CPU.Build.0 = Debug|Any CPU
		{D724C3C9-E936-4B59-8B9E-27D5275F9681}.Release|Any CPU.ActiveCfg = Release|Any CPU
		{D724C3C9-E936-4B59-8B9E-27D5275F9681}.Release|Any CPU.Build.0 = Release|Any CPU
	EndGlobalSection
	GlobalSection(SolutionProperties) = preSolution
		HideSolutionNode = FALSE
	EndGlobalSection
	GlobalSection(ExtensibilityGlobals) = postSolution
		SolutionGuid = {4AA9D117-3D0A-4BDA-A4C5-1399EFA492A7}
	EndGlobalSection
EndGlobal
